
Microsoft Visual Studio Solution File, Format Version 12.00
# Visual Studio Version 17
VisualStudioVersion = 17.14.36414.22 d17.14
MinimumVisualStudioVersion = 10.0.40219.1
Project("{FAE04EC0-301F-11D3-BF4B-00C04F79EFBC}") = "Capgemini.identity.WebAPI", "Capgemini.identity.WebAPI\Capgemini.identity.WebAPI.csproj", "{723AD3DD-C5B6-4B11-99A0-C70D07B93404}"
EndProject
Project("{FAE04EC0-301F-11D3-BF4B-00C04F79EFBC}") = "Capgemini.Indentity.Application", "Capgemini.Indentity.Application\Capgemini.Indentity.Application.csproj", "{369FC227-60C3-410F-8817-C698CE3AB053}"
EndProject
Global
	GlobalSection(SolutionConfigurationPlatforms) = preSolution
		Debug|Any CPU = Debug|Any CPU
		Release|Any CPU = Release|Any CPU
	EndGlobalSection
	GlobalSection(ProjectConfigurationPlatforms) = postSolution
		{723AD3DD-C5B6-4B11-99A0-C70D07B93404}.Debug|Any CPU.ActiveCfg = Debug|Any CPU
		{723AD3DD-C5B6-4B11-99A0-C70D07B93404}.Debug|Any CPU.Build.0 = Debug|Any CPU
		{723AD3DD-C5B6-4B11-99A0-C70D07B93404}.Release|Any CPU.ActiveCfg = Release|Any CPU
		{723AD3DD-C5B6-4B11-99A0-C70D07B93404}.Release|Any CPU.Build.0 = Release|Any CPU
		{369FC227-60C3-410F-8817-C698CE3AB053}.Debug|Any CPU.ActiveCfg = Debug|Any CPU
		{369FC227-60C3-410F-8817-C698CE3AB053}.Debug|Any CPU.Build.0 = Debug|Any CPU
		{369FC227-60C3-410F-8817-C698CE3AB053}.Release|Any CPU.ActiveCfg = Release|Any CPU
		{369FC227-60C3-410F-8817-C698CE3AB053}.Release|Any CPU.Build.0 = Release|Any CPU
	EndGlobalSection
	GlobalSection(SolutionProperties) = preSolution
		HideSolutionNode = FALSE
	EndGlobalSection
	GlobalSection(ExtensibilityGlobals) = postSolution
		SolutionGuid = {EF68FC8F-D3C5-4E5F-AACC-25B61C50C91F}
	EndGlobalSection
EndGlobal
